
Microsoft Visual Studio Solution File, Format Version 12.00
# Visual Studio Version 16
VisualStudioVersion = 16.0.31515.178
MinimumVisualStudioVersion = 10.0.40219.1
Project("{FAE04EC0-301F-11D3-BF4B-00C04F79EFBC}") = "FiberConnection", "FiberConnection.csproj", "{D8C08FBA-4D17-4F17-9E59-C35459F07435}"
EndProject
Global
	GlobalSection(SolutionConfigurationPlatforms) = preSolution
		Debug|Any CPU = Debug|Any CPU
		Release|Any CPU = Release|Any CPU
	EndGlobalSection
	GlobalSection(ProjectConfigurationPlatforms) = postSolution
		{D8C08FBA-4D17-4F17-9E59-C35459F07435}.Debug|Any CPU.ActiveCfg = Debug|Any CPU
		{D8C08FBA-4D17-4F17-9E59-C35459F07435}.Debug|Any CPU.Build.0 = Debug|Any CPU
		{D8C08FBA-4D17-4F17-9E59-C35459F07435}.Release|Any CPU.ActiveCfg = Release|Any CPU
		{D8C08FBA-4D17-4F17-9E59-C35459F07435}.Release|Any CPU.Build.0 = Release|Any CPU
	EndGlobalSection
	GlobalSection(SolutionProperties) = preSolution
		HideSolutionNode = FALSE
	EndGlobalSection
	GlobalSection(ExtensibilityGlobals) = postSolution
		SolutionGuid = {A9C4A71E-2956-4CEE-828A-38012716AFBD}
	EndGlobalSection
EndGlobal
